# THIS IS AN AUTOGENERATED FILE. DO NOT EDIT THIS FILE DIRECTLY.
# yarn lockfile v1


chartjs-plugin-datalabels@^0.7.0:
  version "0.7.0"
  resolved "https://registry.yarnpkg.com/chartjs-plugin-datalabels/-/chartjs-plugin-datalabels-0.7.0.tgz#f72e44edb2db45ef68913e9320bcc50398a205e6"
  integrity sha512-PKVUX14nYhH0wcdCpgOoC39Gbzvn6cZ7O9n+bwc02yKD9FTnJ7/TSrBcfebmolFZp1Rcicr9xbT0a5HUbigS7g==
